
Microsoft Visual Studio Solution File, Format Version 12.00
# Visual Studio 14
VisualStudioVersion = 14.0.22823.1
MinimumVisualStudioVersion = 10.0.40219.1
Project("{2150E333-8FDC-42A3-9474-1A3956D46DE8}") = "Solution Items", "Solution Items", "{62B596B0-60A5-44B5-8127-1AEA84FFB2C4}"
	ProjectSection(SolutionItems) = preProject
		azuredeploy.json = azuredeploy.json
		azuredeploy.parameters.json = azuredeploy.parameters.json
		ConfigurePullServer.ps1.zip = ConfigurePullServer.ps1.zip
		metadata.json = metadata.json
		README.md = README.md
	EndProjectSection
EndProject
Global
	GlobalSection(SolutionProperties) = preSolution
		HideSolutionNode = FALSE
	EndGlobalSection
EndGlobal
