
Microsoft Visual Studio Solution File, Format Version 12.00
# Visual Studio Version 17
VisualStudioVersion = 17.5.002.0
MinimumVisualStudioVersion = 10.0.40219.1
Project("{2150E333-8FDC-42A3-9474-1A3956D46DE8}") = "quickstarts", "quickstarts", "{07EB6A79-F47B-4485-BEFC-EDBE4526EB27}"
EndProject
Project("{2150E333-8FDC-42A3-9474-1A3956D46DE8}") = "microsoft.customproviders", "microsoft.customproviders", "{F32C0377-C3C6-4C49-BDF1-8DC71AE2141A}"
EndProject
Project("{2150E333-8FDC-42A3-9474-1A3956D46DE8}") = "custom-rp-with-function", "custom-rp-with-function", "{1D8917B1-4D98-45F9-9A07-002BA6F94FFB}"
EndProject
Project("{9A19103F-16F7-4668-BE54-9A1E7A4F7556}") = "extensions", "quickstarts\microsoft.customproviders\custom-rp-with-function\src\extensions.csproj", "{CF4986E7-5004-45CF-B33E-5F64DD89E734}"
EndProject
Global
	GlobalSection(SolutionConfigurationPlatforms) = preSolution
		Debug|Any CPU = Debug|Any CPU
		Release|Any CPU = Release|Any CPU
	EndGlobalSection
	GlobalSection(ProjectConfigurationPlatforms) = postSolution
		{CF4986E7-5004-45CF-B33E-5F64DD89E734}.Debug|Any CPU.ActiveCfg = Debug|Any CPU
		{CF4986E7-5004-45CF-B33E-5F64DD89E734}.Debug|Any CPU.Build.0 = Debug|Any CPU
		{CF4986E7-5004-45CF-B33E-5F64DD89E734}.Release|Any CPU.ActiveCfg = Release|Any CPU
		{CF4986E7-5004-45CF-B33E-5F64DD89E734}.Release|Any CPU.Build.0 = Release|Any CPU
	EndGlobalSection
	GlobalSection(SolutionProperties) = preSolution
		HideSolutionNode = FALSE
	EndGlobalSection
	GlobalSection(NestedProjects) = preSolution
		{F32C0377-C3C6-4C49-BDF1-8DC71AE2141A} = {07EB6A79-F47B-4485-BEFC-EDBE4526EB27}
		{1D8917B1-4D98-45F9-9A07-002BA6F94FFB} = {F32C0377-C3C6-4C49-BDF1-8DC71AE2141A}
		{CF4986E7-5004-45CF-B33E-5F64DD89E734} = {1D8917B1-4D98-45F9-9A07-002BA6F94FFB}
	EndGlobalSection
	GlobalSection(ExtensibilityGlobals) = postSolution
		SolutionGuid = {C00C664B-071A-401F-8514-35EC64ECB8DC}
	EndGlobalSection
EndGlobal
