
Microsoft Visual Studio Solution File, Format Version 12.00
# Visual Studio Version 17
VisualStudioVersion = 17.5.002.0
MinimumVisualStudioVersion = 10.0.40219.1
Project("{2150E333-8FDC-42A3-9474-1A3956D46DE8}") = "quickstarts", "quickstarts", "{AE59413F-7D26-4FD1-A70C-FB4A57709157}"
EndProject
Project("{2150E333-8FDC-42A3-9474-1A3956D46DE8}") = "microsoft.customproviders", "microsoft.customproviders", "{455D7EF8-8D74-4FF3-9412-053D07C5FDA3}"
EndProject
Project("{2150E333-8FDC-42A3-9474-1A3956D46DE8}") = "custom-rp-with-function", "custom-rp-with-function", "{91F09A44-5947-47C7-BB3A-06AC3030250B}"
EndProject
Project("{9A19103F-16F7-4668-BE54-9A1E7A4F7556}") = "extensions", "quickstarts\microsoft.customproviders\custom-rp-with-function\src\extensions.csproj", "{17F65EF9-DBA3-4041-A98A-1E6186AD9C55}"
EndProject
Global
	GlobalSection(SolutionConfigurationPlatforms) = preSolution
		Debug|Any CPU = Debug|Any CPU
		Release|Any CPU = Release|Any CPU
	EndGlobalSection
	GlobalSection(ProjectConfigurationPlatforms) = postSolution
		{17F65EF9-DBA3-4041-A98A-1E6186AD9C55}.Debug|Any CPU.ActiveCfg = Debug|Any CPU
		{17F65EF9-DBA3-4041-A98A-1E6186AD9C55}.Debug|Any CPU.Build.0 = Debug|Any CPU
		{17F65EF9-DBA3-4041-A98A-1E6186AD9C55}.Release|Any CPU.ActiveCfg = Release|Any CPU
		{17F65EF9-DBA3-4041-A98A-1E6186AD9C55}.Release|Any CPU.Build.0 = Release|Any CPU
	EndGlobalSection
	GlobalSection(SolutionProperties) = preSolution
		HideSolutionNode = FALSE
	EndGlobalSection
	GlobalSection(NestedProjects) = preSolution
		{455D7EF8-8D74-4FF3-9412-053D07C5FDA3} = {AE59413F-7D26-4FD1-A70C-FB4A57709157}
		{91F09A44-5947-47C7-BB3A-06AC3030250B} = {455D7EF8-8D74-4FF3-9412-053D07C5FDA3}
		{17F65EF9-DBA3-4041-A98A-1E6186AD9C55} = {91F09A44-5947-47C7-BB3A-06AC3030250B}
	EndGlobalSection
	GlobalSection(ExtensibilityGlobals) = postSolution
		SolutionGuid = {C00C664B-071A-401F-8514-35EC64ECB8DC}
	EndGlobalSection
EndGlobal
