
Microsoft Visual Studio Solution File, Format Version 12.00
# Visual Studio Version 17
VisualStudioVersion = 17.5.002.0
MinimumVisualStudioVersion = 10.0.40219.1
Project("{2150E333-8FDC-42A3-9474-1A3956D46DE8}") = "quickstarts", "quickstarts", "{68D9391C-2829-45E1-BDB8-0BB16452152B}"
EndProject
Project("{2150E333-8FDC-42A3-9474-1A3956D46DE8}") = "microsoft.customproviders", "microsoft.customproviders", "{2B01E541-0D10-42B5-AF93-F6B1B5EF7FD1}"
EndProject
Project("{2150E333-8FDC-42A3-9474-1A3956D46DE8}") = "custom-rp-with-function", "custom-rp-with-function", "{3095A9C2-F1DE-49DC-9ABA-EF3E0F2AA9AA}"
EndProject
Project("{9A19103F-16F7-4668-BE54-9A1E7A4F7556}") = "extensions", "quickstarts\microsoft.customproviders\custom-rp-with-function\src\extensions.csproj", "{273075A4-3115-4DAE-A975-229FA31EE9D1}"
EndProject
Global
	GlobalSection(SolutionConfigurationPlatforms) = preSolution
		Debug|Any CPU = Debug|Any CPU
		Release|Any CPU = Release|Any CPU
	EndGlobalSection
	GlobalSection(ProjectConfigurationPlatforms) = postSolution
		{273075A4-3115-4DAE-A975-229FA31EE9D1}.Debug|Any CPU.ActiveCfg = Debug|Any CPU
		{273075A4-3115-4DAE-A975-229FA31EE9D1}.Debug|Any CPU.Build.0 = Debug|Any CPU
		{273075A4-3115-4DAE-A975-229FA31EE9D1}.Release|Any CPU.ActiveCfg = Release|Any CPU
		{273075A4-3115-4DAE-A975-229FA31EE9D1}.Release|Any CPU.Build.0 = Release|Any CPU
	EndGlobalSection
	GlobalSection(SolutionProperties) = preSolution
		HideSolutionNode = FALSE
	EndGlobalSection
	GlobalSection(NestedProjects) = preSolution
		{2B01E541-0D10-42B5-AF93-F6B1B5EF7FD1} = {68D9391C-2829-45E1-BDB8-0BB16452152B}
		{3095A9C2-F1DE-49DC-9ABA-EF3E0F2AA9AA} = {2B01E541-0D10-42B5-AF93-F6B1B5EF7FD1}
		{273075A4-3115-4DAE-A975-229FA31EE9D1} = {3095A9C2-F1DE-49DC-9ABA-EF3E0F2AA9AA}
	EndGlobalSection
	GlobalSection(ExtensibilityGlobals) = postSolution
		SolutionGuid = {59659F0D-8B77-43C2-82B2-61D1240D15C9}
	EndGlobalSection
EndGlobal
