
Microsoft Visual Studio Solution File, Format Version 12.00
# Visual Studio Version 17
VisualStudioVersion = 17.5.002.0
MinimumVisualStudioVersion = 10.0.40219.1
Project("{2150E333-8FDC-42A3-9474-1A3956D46DE8}") = "quickstarts", "quickstarts", "{47C40F92-CCC7-494C-B041-CA853E73CD7E}"
EndProject
Project("{2150E333-8FDC-42A3-9474-1A3956D46DE8}") = "microsoft.customproviders", "microsoft.customproviders", "{4CAF23E3-8117-4BBE-A35C-5859836FBF6E}"
EndProject
Project("{2150E333-8FDC-42A3-9474-1A3956D46DE8}") = "custom-rp-with-function", "custom-rp-with-function", "{66682D6C-C92D-4DE8-96BD-E5F4172BBF41}"
EndProject
Project("{9A19103F-16F7-4668-BE54-9A1E7A4F7556}") = "extensions", "quickstarts\microsoft.customproviders\custom-rp-with-function\src\extensions.csproj", "{39AB84F0-7B96-4F49-8697-DE6EC38ADC9C}"
EndProject
Global
	GlobalSection(SolutionConfigurationPlatforms) = preSolution
		Debug|Any CPU = Debug|Any CPU
		Release|Any CPU = Release|Any CPU
	EndGlobalSection
	GlobalSection(ProjectConfigurationPlatforms) = postSolution
		{39AB84F0-7B96-4F49-8697-DE6EC38ADC9C}.Debug|Any CPU.ActiveCfg = Debug|Any CPU
		{39AB84F0-7B96-4F49-8697-DE6EC38ADC9C}.Debug|Any CPU.Build.0 = Debug|Any CPU
		{39AB84F0-7B96-4F49-8697-DE6EC38ADC9C}.Release|Any CPU.ActiveCfg = Release|Any CPU
		{39AB84F0-7B96-4F49-8697-DE6EC38ADC9C}.Release|Any CPU.Build.0 = Release|Any CPU
	EndGlobalSection
	GlobalSection(SolutionProperties) = preSolution
		HideSolutionNode = FALSE
	EndGlobalSection
	GlobalSection(NestedProjects) = preSolution
		{4CAF23E3-8117-4BBE-A35C-5859836FBF6E} = {47C40F92-CCC7-494C-B041-CA853E73CD7E}
		{66682D6C-C92D-4DE8-96BD-E5F4172BBF41} = {4CAF23E3-8117-4BBE-A35C-5859836FBF6E}
		{39AB84F0-7B96-4F49-8697-DE6EC38ADC9C} = {66682D6C-C92D-4DE8-96BD-E5F4172BBF41}
	EndGlobalSection
	GlobalSection(ExtensibilityGlobals) = postSolution
		SolutionGuid = {7A0A5047-47A9-4A14-A8CE-2C7A299250B5}
	EndGlobalSection
EndGlobal
