
Microsoft Visual Studio Solution File, Format Version 12.00
# Visual Studio Version 17
VisualStudioVersion = 17.5.002.0
MinimumVisualStudioVersion = 10.0.40219.1
Project("{2150E333-8FDC-42A3-9474-1A3956D46DE8}") = "quickstarts", "quickstarts", "{39552A15-37D7-468F-B4EF-0B152449682C}"
EndProject
Project("{2150E333-8FDC-42A3-9474-1A3956D46DE8}") = "microsoft.customproviders", "microsoft.customproviders", "{C47A26EE-E2C9-4FD9-9A10-4B846B6C91F1}"
EndProject
Project("{2150E333-8FDC-42A3-9474-1A3956D46DE8}") = "custom-rp-with-function", "custom-rp-with-function", "{F13BDBFC-CA0C-442C-A74A-77496D7F061F}"
EndProject
Project("{9A19103F-16F7-4668-BE54-9A1E7A4F7556}") = "extensions", "quickstarts\microsoft.customproviders\custom-rp-with-function\src\extensions.csproj", "{42FE7BB8-FEBB-4B9F-B5DA-2A2CB8CC0C01}"
EndProject
Global
	GlobalSection(SolutionConfigurationPlatforms) = preSolution
		Debug|Any CPU = Debug|Any CPU
		Release|Any CPU = Release|Any CPU
	EndGlobalSection
	GlobalSection(ProjectConfigurationPlatforms) = postSolution
		{42FE7BB8-FEBB-4B9F-B5DA-2A2CB8CC0C01}.Debug|Any CPU.ActiveCfg = Debug|Any CPU
		{42FE7BB8-FEBB-4B9F-B5DA-2A2CB8CC0C01}.Debug|Any CPU.Build.0 = Debug|Any CPU
		{42FE7BB8-FEBB-4B9F-B5DA-2A2CB8CC0C01}.Release|Any CPU.ActiveCfg = Release|Any CPU
		{42FE7BB8-FEBB-4B9F-B5DA-2A2CB8CC0C01}.Release|Any CPU.Build.0 = Release|Any CPU
	EndGlobalSection
	GlobalSection(SolutionProperties) = preSolution
		HideSolutionNode = FALSE
	EndGlobalSection
	GlobalSection(NestedProjects) = preSolution
		{C47A26EE-E2C9-4FD9-9A10-4B846B6C91F1} = {39552A15-37D7-468F-B4EF-0B152449682C}
		{F13BDBFC-CA0C-442C-A74A-77496D7F061F} = {C47A26EE-E2C9-4FD9-9A10-4B846B6C91F1}
		{42FE7BB8-FEBB-4B9F-B5DA-2A2CB8CC0C01} = {F13BDBFC-CA0C-442C-A74A-77496D7F061F}
	EndGlobalSection
	GlobalSection(ExtensibilityGlobals) = postSolution
		SolutionGuid = {C00C664B-071A-401F-8514-35EC64ECB8DC}
	EndGlobalSection
EndGlobal
