
Microsoft Visual Studio Solution File, Format Version 12.00
# Visual Studio Version 17
VisualStudioVersion = 17.5.002.0
MinimumVisualStudioVersion = 10.0.40219.1
Project("{2150E333-8FDC-42A3-9474-1A3956D46DE8}") = "quickstarts", "quickstarts", "{CF6E4254-607E-4CBC-8359-0F0FC9BC8669}"
EndProject
Project("{2150E333-8FDC-42A3-9474-1A3956D46DE8}") = "microsoft.customproviders", "microsoft.customproviders", "{8A656A7B-3FFA-484A-8AC0-0F6C2E790099}"
EndProject
Project("{2150E333-8FDC-42A3-9474-1A3956D46DE8}") = "custom-rp-with-function", "custom-rp-with-function", "{63DFB8E5-847F-4ABD-9F1C-9103F4B561C2}"
EndProject
Project("{9A19103F-16F7-4668-BE54-9A1E7A4F7556}") = "extensions", "quickstarts\microsoft.customproviders\custom-rp-with-function\src\extensions.csproj", "{0A76A917-EB60-4CD0-89DD-770C03444C47}"
EndProject
Global
	GlobalSection(SolutionConfigurationPlatforms) = preSolution
		Debug|Any CPU = Debug|Any CPU
		Release|Any CPU = Release|Any CPU
	EndGlobalSection
	GlobalSection(ProjectConfigurationPlatforms) = postSolution
		{0A76A917-EB60-4CD0-89DD-770C03444C47}.Debug|Any CPU.ActiveCfg = Debug|Any CPU
		{0A76A917-EB60-4CD0-89DD-770C03444C47}.Debug|Any CPU.Build.0 = Debug|Any CPU
		{0A76A917-EB60-4CD0-89DD-770C03444C47}.Release|Any CPU.ActiveCfg = Release|Any CPU
		{0A76A917-EB60-4CD0-89DD-770C03444C47}.Release|Any CPU.Build.0 = Release|Any CPU
	EndGlobalSection
	GlobalSection(SolutionProperties) = preSolution
		HideSolutionNode = FALSE
	EndGlobalSection
	GlobalSection(NestedProjects) = preSolution
		{8A656A7B-3FFA-484A-8AC0-0F6C2E790099} = {CF6E4254-607E-4CBC-8359-0F0FC9BC8669}
		{63DFB8E5-847F-4ABD-9F1C-9103F4B561C2} = {8A656A7B-3FFA-484A-8AC0-0F6C2E790099}
		{0A76A917-EB60-4CD0-89DD-770C03444C47} = {63DFB8E5-847F-4ABD-9F1C-9103F4B561C2}
	EndGlobalSection
	GlobalSection(ExtensibilityGlobals) = postSolution
		SolutionGuid = {CD7EC08F-116E-4B69-BC8F-C6E6B4E3CC78}
	EndGlobalSection
EndGlobal
