
Microsoft Visual Studio Solution File, Format Version 12.00
# Visual Studio 14
VisualStudioVersion = 14.0.24720.0
MinimumVisualStudioVersion = 10.0.40219.1
Project("{151D2E53-A2C4-4D7D-83FE-D05416EBD58E}") = "rds-update-rdsh-collection", "rds-update-rdsh-collection\rds-update-rdsh-collection.deployproj", "{CC9039FB-B3C0-4E10-B3DE-450BC70DB1BA}"
EndProject
Global
	GlobalSection(SolutionConfigurationPlatforms) = preSolution
		Debug|Any CPU = Debug|Any CPU
		Release|Any CPU = Release|Any CPU
	EndGlobalSection
	GlobalSection(ProjectConfigurationPlatforms) = postSolution
		{CC9039FB-B3C0-4E10-B3DE-450BC70DB1BA}.Debug|Any CPU.ActiveCfg = Debug|Any CPU
		{CC9039FB-B3C0-4E10-B3DE-450BC70DB1BA}.Debug|Any CPU.Build.0 = Debug|Any CPU
		{CC9039FB-B3C0-4E10-B3DE-450BC70DB1BA}.Release|Any CPU.ActiveCfg = Release|Any CPU
		{CC9039FB-B3C0-4E10-B3DE-450BC70DB1BA}.Release|Any CPU.Build.0 = Release|Any CPU
	EndGlobalSection
	GlobalSection(SolutionProperties) = preSolution
		HideSolutionNode = FALSE
	EndGlobalSection
EndGlobal
