
Microsoft Visual Studio Solution File, Format Version 12.00
# Visual Studio 15
VisualStudioVersion = 15.0.27130.2036
MinimumVisualStudioVersion = 10.0.40219.1
Project("{2150E333-8FDC-42A3-9474-1A3956D46DE8}") = "src", "src", "{419A6ACE-0419-4315-A6FB-B0E63D39432E}"
EndProject
Project("{9A19103F-16F7-4668-BE54-9A1E7A4F7556}") = "Infrastructure", "src\Infrastructure\Infrastructure.csproj", "{7C461394-ABDC-43CD-A798-71249C58BA67}"
EndProject
Project("{9A19103F-16F7-4668-BE54-9A1E7A4F7556}") = "Web", "src\Web\Web.csproj", "{9CB6566E-E86A-4C07-BB8D-E0B95BCD4BD2}"
EndProject
Project("{9A19103F-16F7-4668-BE54-9A1E7A4F7556}") = "ApplicationCore", "src\ApplicationCore\ApplicationCore.csproj", "{7FED7440-2311-4D1E-958B-3E887C585CD2}"
EndProject
Project("{9A19103F-16F7-4668-BE54-9A1E7A4F7556}") = "API", "src\API\API.csproj", "{D9921795-92A8-4C82-8547-D0F79A092C42}"
EndProject
Project("{9A19103F-16F7-4668-BE54-9A1E7A4F7556}") = "Admin", "src\Admin\Admin.csproj", "{7C8ABDD0-F196-4DB1-BF10-BCEF801EADF5}"
EndProject
Project("{2150E333-8FDC-42A3-9474-1A3956D46DE8}") = "Solution Items", "Solution Items", "{93D29B90-FFD6-425D-8440-4FBEE618EB7E}"
	ProjectSection(SolutionItems) = preProject
		architecture.vsdx = architecture.vsdx
		azuredeploy.json = azuredeploy.json
		azuredeploy.parameters.json = azuredeploy.parameters.json
		Contributing.md = Contributing.md
		LICENSE = LICENSE
		metadata.json = metadata.json
		Notices.md = Notices.md
		README.md = README.md
	EndProjectSection
EndProject
Project("{2150E333-8FDC-42A3-9474-1A3956D46DE8}") = "prereqs", "prereqs", "{98C62387-A9E4-4E34-858B-55EBF25424B1}"
	ProjectSection(SolutionItems) = preProject
		prereqs\prereq.azuredeploy.json = prereqs\prereq.azuredeploy.json
		prereqs\prereq.azuredeploy.parameters.json = prereqs\prereq.azuredeploy.parameters.json
	EndProjectSection
EndProject
Global
	GlobalSection(SolutionConfigurationPlatforms) = preSolution
		Debug|Any CPU = Debug|Any CPU
		Release|Any CPU = Release|Any CPU
	EndGlobalSection
	GlobalSection(ProjectConfigurationPlatforms) = postSolution
		{7C461394-ABDC-43CD-A798-71249C58BA67}.Debug|Any CPU.ActiveCfg = Debug|Any CPU
		{7C461394-ABDC-43CD-A798-71249C58BA67}.Debug|Any CPU.Build.0 = Debug|Any CPU
		{7C461394-ABDC-43CD-A798-71249C58BA67}.Release|Any CPU.ActiveCfg = Release|Any CPU
		{7C461394-ABDC-43CD-A798-71249C58BA67}.Release|Any CPU.Build.0 = Release|Any CPU
		{9CB6566E-E86A-4C07-BB8D-E0B95BCD4BD2}.Debug|Any CPU.ActiveCfg = Debug|Any CPU
		{9CB6566E-E86A-4C07-BB8D-E0B95BCD4BD2}.Debug|Any CPU.Build.0 = Debug|Any CPU
		{9CB6566E-E86A-4C07-BB8D-E0B95BCD4BD2}.Release|Any CPU.ActiveCfg = Release|Any CPU
		{9CB6566E-E86A-4C07-BB8D-E0B95BCD4BD2}.Release|Any CPU.Build.0 = Release|Any CPU
		{7FED7440-2311-4D1E-958B-3E887C585CD2}.Debug|Any CPU.ActiveCfg = Debug|Any CPU
		{7FED7440-2311-4D1E-958B-3E887C585CD2}.Debug|Any CPU.Build.0 = Debug|Any CPU
		{7FED7440-2311-4D1E-958B-3E887C585CD2}.Release|Any CPU.ActiveCfg = Release|Any CPU
		{7FED7440-2311-4D1E-958B-3E887C585CD2}.Release|Any CPU.Build.0 = Release|Any CPU
		{D9921795-92A8-4C82-8547-D0F79A092C42}.Debug|Any CPU.ActiveCfg = Debug|Any CPU
		{D9921795-92A8-4C82-8547-D0F79A092C42}.Debug|Any CPU.Build.0 = Debug|Any CPU
		{D9921795-92A8-4C82-8547-D0F79A092C42}.Release|Any CPU.ActiveCfg = Release|Any CPU
		{D9921795-92A8-4C82-8547-D0F79A092C42}.Release|Any CPU.Build.0 = Release|Any CPU
		{7C8ABDD0-F196-4DB1-BF10-BCEF801EADF5}.Debug|Any CPU.ActiveCfg = Debug|Any CPU
		{7C8ABDD0-F196-4DB1-BF10-BCEF801EADF5}.Debug|Any CPU.Build.0 = Debug|Any CPU
		{7C8ABDD0-F196-4DB1-BF10-BCEF801EADF5}.Release|Any CPU.ActiveCfg = Release|Any CPU
		{7C8ABDD0-F196-4DB1-BF10-BCEF801EADF5}.Release|Any CPU.Build.0 = Release|Any CPU
	EndGlobalSection
	GlobalSection(SolutionProperties) = preSolution
		HideSolutionNode = FALSE
	EndGlobalSection
	GlobalSection(NestedProjects) = preSolution
		{7C461394-ABDC-43CD-A798-71249C58BA67} = {419A6ACE-0419-4315-A6FB-B0E63D39432E}
		{9CB6566E-E86A-4C07-BB8D-E0B95BCD4BD2} = {419A6ACE-0419-4315-A6FB-B0E63D39432E}
		{7FED7440-2311-4D1E-958B-3E887C585CD2} = {419A6ACE-0419-4315-A6FB-B0E63D39432E}
		{D9921795-92A8-4C82-8547-D0F79A092C42} = {419A6ACE-0419-4315-A6FB-B0E63D39432E}
		{7C8ABDD0-F196-4DB1-BF10-BCEF801EADF5} = {419A6ACE-0419-4315-A6FB-B0E63D39432E}
		{98C62387-A9E4-4E34-858B-55EBF25424B1} = {93D29B90-FFD6-425D-8440-4FBEE618EB7E}
	EndGlobalSection
	GlobalSection(ExtensibilityGlobals) = postSolution
		SolutionGuid = {49813262-5DA3-4D61-ABD3-493C74CE8C2B}
	EndGlobalSection
EndGlobal
