
Microsoft Visual Studio Solution File, Format Version 12.00
# Visual Studio Version 16
VisualStudioVersion = 16.0.29509.3
MinimumVisualStudioVersion = 10.0.40219.1
Project("{9A19103F-16F7-4668-BE54-9A1E7A4F7556}") = "PlanConversionAgent", "PlanConversionAgent.csproj", "{BB8180E3-E679-4005-B87F-E20DCDF56E55}"
EndProject
Global
	GlobalSection(SolutionConfigurationPlatforms) = preSolution
		Debug|Any CPU = Debug|Any CPU
		Release|Any CPU = Release|Any CPU
	EndGlobalSection
	GlobalSection(ProjectConfigurationPlatforms) = postSolution
		{BB8180E3-E679-4005-B87F-E20DCDF56E55}.Debug|Any CPU.ActiveCfg = Debug|Any CPU
		{BB8180E3-E679-4005-B87F-E20DCDF56E55}.Debug|Any CPU.Build.0 = Debug|Any CPU
		{BB8180E3-E679-4005-B87F-E20DCDF56E55}.Release|Any CPU.ActiveCfg = Release|Any CPU
		{BB8180E3-E679-4005-B87F-E20DCDF56E55}.Release|Any CPU.Build.0 = Release|Any CPU
	EndGlobalSection
	GlobalSection(SolutionProperties) = preSolution
		HideSolutionNode = FALSE
	EndGlobalSection
	GlobalSection(ExtensibilityGlobals) = postSolution
		SolutionGuid = {14CBE5CB-0D70-4403-A5B9-F2164D7C4EAD}
	EndGlobalSection
EndGlobal
