
Microsoft Visual Studio Solution File, Format Version 12.00
# Visual Studio 15
VisualStudioVersion = 15.0.27130.2010
MinimumVisualStudioVersion = 10.0.40219.1
Project("{2150E333-8FDC-42A3-9474-1A3956D46DE8}") = "src", "src", "{419A6ACE-0419-4315-A6FB-B0E63D39432E}"
EndProject
Project("{9A19103F-16F7-4668-BE54-9A1E7A4F7556}") = "Infrastructure", "src\Infrastructure\Infrastructure.csproj", "{7C461394-ABDC-43CD-A798-71249C58BA67}"
EndProject
Project("{9A19103F-16F7-4668-BE54-9A1E7A4F7556}") = "Web", "src\Web\Web.csproj", "{9CB6566E-E86A-4C07-BB8D-E0B95BCD4BD2}"
EndProject
Project("{9A19103F-16F7-4668-BE54-9A1E7A4F7556}") = "ApplicationCore", "src\ApplicationCore\ApplicationCore.csproj", "{7FED7440-2311-4D1E-958B-3E887C585CD2}"
EndProject
Project("{9A19103F-16F7-4668-BE54-9A1E7A4F7556}") = "FunctionApp", "src\FunctionApp\FunctionApp.csproj", "{67BADC30-41C7-4881-BA6D-B1C9E5FDDD55}"
EndProject
Project("{FAE04EC0-301F-11D3-BF4B-00C04F79EFBC}") = "CDNWeb", "src\CDNWeb\CDNWeb.csproj", "{0FFC0E1D-9549-466B-AB62-3F67D23B507D}"
EndProject
Global
	GlobalSection(SolutionConfigurationPlatforms) = preSolution
		Debug|Any CPU = Debug|Any CPU
		Release|Any CPU = Release|Any CPU
	EndGlobalSection
	GlobalSection(ProjectConfigurationPlatforms) = postSolution
		{7C461394-ABDC-43CD-A798-71249C58BA67}.Debug|Any CPU.ActiveCfg = Debug|Any CPU
		{7C461394-ABDC-43CD-A798-71249C58BA67}.Debug|Any CPU.Build.0 = Debug|Any CPU
		{7C461394-ABDC-43CD-A798-71249C58BA67}.Release|Any CPU.ActiveCfg = Release|Any CPU
		{7C461394-ABDC-43CD-A798-71249C58BA67}.Release|Any CPU.Build.0 = Release|Any CPU
		{9CB6566E-E86A-4C07-BB8D-E0B95BCD4BD2}.Debug|Any CPU.ActiveCfg = Debug|Any CPU
		{9CB6566E-E86A-4C07-BB8D-E0B95BCD4BD2}.Debug|Any CPU.Build.0 = Debug|Any CPU
		{9CB6566E-E86A-4C07-BB8D-E0B95BCD4BD2}.Release|Any CPU.ActiveCfg = Release|Any CPU
		{9CB6566E-E86A-4C07-BB8D-E0B95BCD4BD2}.Release|Any CPU.Build.0 = Release|Any CPU
		{7FED7440-2311-4D1E-958B-3E887C585CD2}.Debug|Any CPU.ActiveCfg = Debug|Any CPU
		{7FED7440-2311-4D1E-958B-3E887C585CD2}.Debug|Any CPU.Build.0 = Debug|Any CPU
		{7FED7440-2311-4D1E-958B-3E887C585CD2}.Release|Any CPU.ActiveCfg = Release|Any CPU
		{7FED7440-2311-4D1E-958B-3E887C585CD2}.Release|Any CPU.Build.0 = Release|Any CPU
		{67BADC30-41C7-4881-BA6D-B1C9E5FDDD55}.Debug|Any CPU.ActiveCfg = Debug|Any CPU
		{67BADC30-41C7-4881-BA6D-B1C9E5FDDD55}.Debug|Any CPU.Build.0 = Debug|Any CPU
		{67BADC30-41C7-4881-BA6D-B1C9E5FDDD55}.Release|Any CPU.ActiveCfg = Release|Any CPU
		{67BADC30-41C7-4881-BA6D-B1C9E5FDDD55}.Release|Any CPU.Build.0 = Release|Any CPU
		{0FFC0E1D-9549-466B-AB62-3F67D23B507D}.Debug|Any CPU.ActiveCfg = Debug|Any CPU
		{0FFC0E1D-9549-466B-AB62-3F67D23B507D}.Debug|Any CPU.Build.0 = Debug|Any CPU
		{0FFC0E1D-9549-466B-AB62-3F67D23B507D}.Release|Any CPU.ActiveCfg = Release|Any CPU
		{0FFC0E1D-9549-466B-AB62-3F67D23B507D}.Release|Any CPU.Build.0 = Release|Any CPU
	EndGlobalSection
	GlobalSection(SolutionProperties) = preSolution
		HideSolutionNode = FALSE
	EndGlobalSection
	GlobalSection(NestedProjects) = preSolution
		{7C461394-ABDC-43CD-A798-71249C58BA67} = {419A6ACE-0419-4315-A6FB-B0E63D39432E}
		{9CB6566E-E86A-4C07-BB8D-E0B95BCD4BD2} = {419A6ACE-0419-4315-A6FB-B0E63D39432E}
		{7FED7440-2311-4D1E-958B-3E887C585CD2} = {419A6ACE-0419-4315-A6FB-B0E63D39432E}
		{67BADC30-41C7-4881-BA6D-B1C9E5FDDD55} = {419A6ACE-0419-4315-A6FB-B0E63D39432E}
		{0FFC0E1D-9549-466B-AB62-3F67D23B507D} = {419A6ACE-0419-4315-A6FB-B0E63D39432E}
	EndGlobalSection
	GlobalSection(ExtensibilityGlobals) = postSolution
		SolutionGuid = {49813262-5DA3-4D61-ABD3-493C74CE8C2B}
	EndGlobalSection
	GlobalSection(TeamFoundationVersionControl) = preSolution
		SccNumberOfProjects = 6
		SccEnterpriseProvider = {4CA58AB2-18FA-4F8D-95D4-32DDF27D184C}
		SccTeamFoundationServer = https://canviz.visualstudio.com/defaultcollection
		SccLocalPath0 = .
		SccProjectUniqueName1 = src\\ApplicationCore\\ApplicationCore.csproj
		SccProjectTopLevelParentUniqueName1 = eShopOnWeb.sln
		SccProjectName1 = src/ApplicationCore
		SccLocalPath1 = src\\ApplicationCore
		SccProjectUniqueName2 = src\\Infrastructure\\Infrastructure.csproj
		SccProjectTopLevelParentUniqueName2 = eShopOnWeb.sln
		SccProjectName2 = src/Infrastructure
		SccLocalPath2 = src\\Infrastructure
		SccProjectUniqueName3 = src\\Web\\Web.csproj
		SccProjectTopLevelParentUniqueName3 = eShopOnWeb.sln
		SccProjectName3 = src/Web
		SccLocalPath3 = src\\Web
		SccProjectUniqueName4 = src\\FunctionApp\\FunctionApp.csproj
		SccProjectTopLevelParentUniqueName4 = eShopOnWeb.sln
		SccProjectName4 = src/FunctionApp
		SccLocalPath4 = src\\FunctionApp
		SccProjectUniqueName5 = src\\CDNWeb\\CDNWeb.csproj
		SccProjectTopLevelParentUniqueName5 = eShopOnWeb.sln
		SccProjectName5 = src/CDNWeb
		SccLocalPath5 = src\\CDNWeb
	EndGlobalSection
EndGlobal
